
Microsoft Visual Studio Solution File, Format Version 11.00
# Visual Studio 2010
Project("{FAE04EC0-301F-11D3-BF4B-00C04F79EFBC}") = "Microsoft.MixedReality.QR.Editor", "Microsoft.MixedReality.QR.Editor.csproj", "{1cb19c3f-cb4c-4ff1-a3fc-cf87e16ff9de}"
EndProject
Project("{FAE04EC0-301F-11D3-BF4B-00C04F79EFBC}") = "Microsoft.VCRTForwarders.140", "Microsoft.VCRTForwarders.140.csproj", "{6e41faed-3deb-09ee-81b6-4ee5ea09753f}"
EndProject
Project("{FAE04EC0-301F-11D3-BF4B-00C04F79EFBC}") = "Assembly-CSharp", "Assembly-CSharp.csproj", "{2106585b-b409-cb68-b5f4-5b9dd210a60f}"
EndProject
Global
	GlobalSection(SolutionConfigurationPlatforms) = preSolution
		Debug|Any CPU = Debug|Any CPU
	EndGlobalSection
	GlobalSection(ProjectConfigurationPlatforms) = postSolution
		{1cb19c3f-cb4c-4ff1-a3fc-cf87e16ff9de}.Debug|Any CPU.ActiveCfg = Debug|Any CPU
		{1cb19c3f-cb4c-4ff1-a3fc-cf87e16ff9de}.Debug|Any CPU.Build.0 = Debug|Any CPU
		{6e41faed-3deb-09ee-81b6-4ee5ea09753f}.Debug|Any CPU.ActiveCfg = Debug|Any CPU
		{6e41faed-3deb-09ee-81b6-4ee5ea09753f}.Debug|Any CPU.Build.0 = Debug|Any CPU
		{2106585b-b409-cb68-b5f4-5b9dd210a60f}.Debug|Any CPU.ActiveCfg = Debug|Any CPU
		{2106585b-b409-cb68-b5f4-5b9dd210a60f}.Debug|Any CPU.Build.0 = Debug|Any CPU
	EndGlobalSection
	GlobalSection(SolutionProperties) = preSolution
		HideSolutionNode = FALSE
	EndGlobalSection
EndGlobal
